
Microsoft Visual Studio Solution File, Format Version 12.00
# Visual Studio Version 17
VisualStudioVersion = 17.0.32126.317
MinimumVisualStudioVersion = 10.0.40219.1
Project("{FAE04EC0-301F-11D3-BF4B-00C04F79EFBC}") = "testing-lab2", "testing-lab2\testing-lab2.csproj", "{D21DF8EE-24FA-4CBE-BDA4-8E44CB2F50A8}"
EndProject
Project("{FAE04EC0-301F-11D3-BF4B-00C04F79EFBC}") = "Testing", "Testing\Testing.csproj", "{05CE3788-B4FB-47F5-8CA7-02862692846F}"
EndProject
Global
	GlobalSection(SolutionConfigurationPlatforms) = preSolution
		Debug|Any CPU = Debug|Any CPU
		Release|Any CPU = Release|Any CPU
	EndGlobalSection
	GlobalSection(ProjectConfigurationPlatforms) = postSolution
		{D21DF8EE-24FA-4CBE-BDA4-8E44CB2F50A8}.Debug|Any CPU.ActiveCfg = Debug|Any CPU
		{D21DF8EE-24FA-4CBE-BDA4-8E44CB2F50A8}.Debug|Any CPU.Build.0 = Debug|Any CPU
		{D21DF8EE-24FA-4CBE-BDA4-8E44CB2F50A8}.Release|Any CPU.ActiveCfg = Release|Any CPU
		{D21DF8EE-24FA-4CBE-BDA4-8E44CB2F50A8}.Release|Any CPU.Build.0 = Release|Any CPU
		{05CE3788-B4FB-47F5-8CA7-02862692846F}.Debug|Any CPU.ActiveCfg = Debug|Any CPU
		{05CE3788-B4FB-47F5-8CA7-02862692846F}.Debug|Any CPU.Build.0 = Debug|Any CPU
		{05CE3788-B4FB-47F5-8CA7-02862692846F}.Release|Any CPU.ActiveCfg = Release|Any CPU
		{05CE3788-B4FB-47F5-8CA7-02862692846F}.Release|Any CPU.Build.0 = Release|Any CPU
	EndGlobalSection
	GlobalSection(SolutionProperties) = preSolution
		HideSolutionNode = FALSE
	EndGlobalSection
	GlobalSection(ExtensibilityGlobals) = postSolution
		SolutionGuid = {08ABA9CA-8ADB-46E0-B7EF-246944612963}
	EndGlobalSection
EndGlobal
